<?xml version="1.0" encoding="UTF-8" standalone="yes" ?>
<CodeBlocks_project_file>
	<FileVersion major="1" minor="6" />
	<Project>
		<Option title="Steeriously" />
		<Option pch_mode="2" />
		<Option compiler="gcc" />
		<Build>
			<Target title="Debug">
				<Option output="bin/Steeriously" prefix_auto="1" extension_auto="1" />
				<Option object_output="bin/" />
				<Option type="1" />
				<Option compiler="gcc" />
				<Compiler>
					<Add option="-g" />
					<Add directory="C:/SFML-2.4.1/include" />
					<Add directory="include" />
					<Add directory="C:/glm" />
				</Compiler>
				<Linker>
					<Add option="-lsfml-audio-s" />
					<Add option="-lsfml-graphics-s" />
					<Add option="-lsfml-network-s" />
					<Add option="-lsfml-window-s" />
					<Add option="-lsfml-system-s" />
					<Add option="-lflac" />
					<Add option="-logg" />
					<Add option="-lvorbisenc" />
					<Add option="-lvorbisfile" />
					<Add option="-lvorbis" />
					<Add option="-lopenal32" />
					<Add option="-ljpeg" />
					<Add option="-lfreetype" />
					<Add option="-lws2_32" />
					<Add option="-lopengl32" />
					<Add option="-lgdi32" />
					<Add option="-lwinmm" />
					<Add library="C:/SFML-2.4.1/lib/libFLAC.a" />
					<Add library="C:/SFML-2.4.1/lib/libfreetype.a" />
					<Add library="C:/SFML-2.4.1/lib/libjpeg.a" />
					<Add library="C:/SFML-2.4.1/lib/libogg.a" />
					<Add library="C:/SFML-2.4.1/lib/libopenal32.a" />
					<Add library="C:/SFML-2.4.1/lib/libsfml-audio-s.a" />
					<Add library="C:/SFML-2.4.1/lib/libsfml-graphics-s.a" />
					<Add library="C:/SFML-2.4.1/lib/libsfml-network-s.a" />
					<Add library="C:/SFML-2.4.1/lib/libsfml-system-s.a" />
					<Add library="C:/SFML-2.4.1/lib/libsfml-window-s.a" />
					<Add library="C:/SFML-2.4.1/lib/libvorbis.a" />
					<Add library="C:/SFML-2.4.1/lib/libvorbisenc.a" />
					<Add library="C:/SFML-2.4.1/lib/libvorbisfile.a" />
					<Add directory="C:/SFML-2.4.1/lib" />
				</Linker>
			</Target>
			<Target title="Release">
				<Option output="out/Steeriously" prefix_auto="1" extension_auto="1" />
				<Option object_output="out/" />
				<Option type="1" />
				<Option compiler="gcc" />
				<Compiler>
					<Add option="-O2" />
				</Compiler>
				<Linker>
					<Add option="-s" />
				</Linker>
			</Target>
		</Build>
		<Compiler>
			<Add option="-Wall" />
			<Add option="-fexceptions" />
		</Compiler>
		<Unit filename="include/Agent.hpp" />
		<Unit filename="include/BehaviorData.hpp" />
		<Unit filename="include/BehaviorHelpers.hpp" />
		<Unit filename="include/BehaviorHelpers.inl" />
		<Unit filename="include/GeometryHelpers.hpp" />
		<Unit filename="include/Matrix.hpp" />
		<Unit filename="include/Path.hpp" />
		<Unit filename="include/SphereObstacle.hpp" />
		<Unit filename="include/Steeriously.hpp" />
		<Unit filename="include/Transformations.hpp" />
		<Unit filename="include/Utilities.hpp" />
		<Unit filename="include/Vector2.hpp" />
		<Unit filename="include/VectorMath.hpp" />
		<Unit filename="include/Wall.hpp" />
		<Unit filename="include/components/ArriveComponent.hpp" />
		<Unit filename="include/components/EvadeComponent.hpp" />
		<Unit filename="include/components/FleeComponent.hpp" />
		<Unit filename="include/components/FlockingComponent.hpp" />
		<Unit filename="include/components/HideComponent.hpp" />
		<Unit filename="include/components/InterposeComponent.hpp" />
		<Unit filename="include/components/OffsetPursuitComponent.hpp" />
		<Unit filename="include/components/PathFollowingComponent.hpp" />
		<Unit filename="include/components/PursuitComponent.hpp" />
		<Unit filename="include/components/SeekComponent.hpp" />
		<Unit filename="include/components/SuperComponent.hpp" />
		<Unit filename="include/components/WanderComponent.hpp" />
		<Unit filename="include/libinc.hpp" />
		<Unit filename="main.cpp" />
		<Unit filename="src/Agent.cpp" />
		<Unit filename="src/GeometryHelpers.cpp" />
		<Unit filename="src/Path.cpp" />
		<Unit filename="src/VectorMath.cpp" />
		<Unit filename="src/Wall.cpp" />
		<Unit filename="src/components/ArriveComponent.cpp" />
		<Unit filename="src/components/EvadeComponent.cpp" />
		<Unit filename="src/components/FleeComponent.cpp" />
		<Unit filename="src/components/FlockingComponent.cpp" />
		<Unit filename="src/components/HideComponent.cpp" />
		<Unit filename="src/components/InterposeComponent.cpp" />
		<Unit filename="src/components/OffsetPursuitComponent.cpp" />
		<Unit filename="src/components/PathFollowingComponent.cpp" />
		<Unit filename="src/components/PursuitComponent.cpp" />
		<Unit filename="src/components/SeekComponent.cpp" />
		<Unit filename="src/components/SuperComponent.cpp" />
		<Unit filename="src/components/WanderComponent.cpp" />
		<Extensions>
			<code_completion />
			<envvars />
			<debugger />
			<lib_finder disable_auto="1" />
		</Extensions>
	</Project>
</CodeBlocks_project_file>
